
Microsoft Visual Studio Solution File, Format Version 12.00
# Visual Studio Version 16
VisualStudioVersion = 16.0.30114.105
MinimumVisualStudioVersion = 10.0.40219.1
Project("{FAE04EC0-301F-11D3-BF4B-00C04F79EFBC}") = "ApiTest", "ApiTest\ApiTest.csproj", "{B4555111-4B88-46AD-9542-8B9A7858C2AE}"
EndProject
Project("{FAE04EC0-301F-11D3-BF4B-00C04F79EFBC}") = "Phidelis-Challenge", "Phidelis-Challenge\Phidelis-Challenge.csproj", "{C7B39551-58AB-4528-BB76-6DC095AD716F}"
EndProject
Global
	GlobalSection(SolutionConfigurationPlatforms) = preSolution
		Debug|Any CPU = Debug|Any CPU
		Release|Any CPU = Release|Any CPU
	EndGlobalSection
	GlobalSection(SolutionProperties) = preSolution
		HideSolutionNode = FALSE
	EndGlobalSection
	GlobalSection(ProjectConfigurationPlatforms) = postSolution
		{B4555111-4B88-46AD-9542-8B9A7858C2AE}.Debug|Any CPU.ActiveCfg = Debug|Any CPU
		{B4555111-4B88-46AD-9542-8B9A7858C2AE}.Debug|Any CPU.Build.0 = Debug|Any CPU
		{B4555111-4B88-46AD-9542-8B9A7858C2AE}.Release|Any CPU.ActiveCfg = Release|Any CPU
		{B4555111-4B88-46AD-9542-8B9A7858C2AE}.Release|Any CPU.Build.0 = Release|Any CPU
		{C7B39551-58AB-4528-BB76-6DC095AD716F}.Debug|Any CPU.ActiveCfg = Debug|Any CPU
		{C7B39551-58AB-4528-BB76-6DC095AD716F}.Debug|Any CPU.Build.0 = Debug|Any CPU
		{C7B39551-58AB-4528-BB76-6DC095AD716F}.Release|Any CPU.ActiveCfg = Release|Any CPU
		{C7B39551-58AB-4528-BB76-6DC095AD716F}.Release|Any CPU.Build.0 = Release|Any CPU
	EndGlobalSection
EndGlobal
